<?xml version="1.0" encoding="utf-8"?>
<Project ToolsVersion="4.0" xmlns="http://schemas.microsoft.com/developer/msbuild/2003">
  <ItemGroup>
    <Filter Include="champions">
      <UniqueIdentifier>{01f8db46-56bb-4b39-a87c-c1266131a1a2}</UniqueIdentifier>
    </Filter>
    <Filter Include="utils">
      <UniqueIdentifier>{485fc1ca-9abe-404e-85b8-2bb364ead1f3}</UniqueIdentifier>
    </Filter>
    <Filter Include="dev_utils">
      <UniqueIdentifier>{7869c523-b25f-472b-a7e4-8bfc81b92c89}</UniqueIdentifier>
    </Filter>
    <Filter Include="main">
      <UniqueIdentifier>{4FC737F1-C7A5-4376-A066-2A32D752A2FF}</UniqueIdentifier>
      <Extensions>cpp;c;cc;cxx;def;odl;idl;hpj;bat;asm;asmx</Extensions>
    </Filter>
    <Filter Include="geometry_utils">
      <UniqueIdentifier>{12dcf699-706e-4b39-813c-23feea0ec847}</UniqueIdentifier>
    </Filter>
  </ItemGroup>
  <ItemGroup>
    <ClCompile Include="varus.cpp">
      <Filter>champions</Filter>
    </ClCompile>
    <ClCompile Include="template.cpp">
      <Filter>champions</Filter>
    </ClCompile>
    <ClCompile Include="lucian.cpp">
      <Filter>champions</Filter>
    </ClCompile>
    <ClCompile Include="utils.cpp">
      <Filter>utils</Filter>
    </ClCompile>
    <ClCompile Include="spell.cpp">
      <Filter>utils</Filter>
    </ClCompile>
    <ClCompile Include="issue_order_manager.cpp">
      <Filter>utils</Filter>
    </ClCompile>
    <ClCompile Include="arena_helper.cpp">
      <Filter>utils</Filter>
    </ClCompile>
    <ClCompile Include="main.cpp">
      <Filter>main</Filter>
    </ClCompile>
    <ClCompile Include="dev_tool.cpp">
      <Filter>dev_utils</Filter>
    </ClCompile>
    <ClCompile Include="clipper.cpp">
      <Filter>geometry_utils</Filter>
    </ClCompile>
  </ItemGroup>
  <ItemGroup>
    <ClInclude Include="varus.h">
      <Filter>champions</Filter>
    </ClInclude>
    <ClInclude Include="template.h">
      <Filter>champions</Filter>
    </ClInclude>
    <ClInclude Include="lucian.h">
      <Filter>champions</Filter>
    </ClInclude>
    <ClInclude Include="arena_helper.h">
      <Filter>utils</Filter>
    </ClInclude>
    <ClInclude Include="issue_order_manager.h">
      <Filter>utils</Filter>
    </ClInclude>
    <ClInclude Include="spell.h">
      <Filter>utils</Filter>
    </ClInclude>
    <ClInclude Include="utils.h">
      <Filter>utils</Filter>
    </ClInclude>
    <ClInclude Include="dev_tool.h">
      <Filter>dev_utils</Filter>
    </ClInclude>
    <ClInclude Include="hashes.h">
      <Filter>dev_utils</Filter>
    </ClInclude>
    <ClInclude Include="logging_utils.h">
      <Filter>dev_utils</Filter>
    </ClInclude>
    <ClInclude Include="clipper.hpp">
      <Filter>geometry_utils</Filter>
    </ClInclude>
    <ClInclude Include="polygon.h">
      <Filter>geometry_utils</Filter>
    </ClInclude>
    <ClInclude Include="renderer_extensions.h">
      <Filter>utils</Filter>
    </ClInclude>
    <ClInclude Include="math_extensions.h">
      <Filter>geometry_utils</Filter>
    </ClInclude>
  </ItemGroup>
</Project>